
Microsoft Visual Studio Solution File, Format Version 12.00
# Visual Studio Version 16
VisualStudioVersion = 16.0.30804.86
MinimumVisualStudioVersion = 10.0.40219.1
Project("{FAE04EC0-301F-11D3-BF4B-00C04F79EFBC}") = "DotnetWebAPIExample", "DotnetWebAPIExample\DotnetWebAPIExample.csproj", "{F944226A-DF25-4FA4-AFF7-3B815D1F5168}"
EndProject
Global
	GlobalSection(SolutionConfigurationPlatforms) = preSolution
		Debug|Any CPU = Debug|Any CPU
		Release|Any CPU = Release|Any CPU
	EndGlobalSection
	GlobalSection(ProjectConfigurationPlatforms) = postSolution
		{F944226A-DF25-4FA4-AFF7-3B815D1F5168}.Debug|Any CPU.ActiveCfg = Debug|Any CPU
		{F944226A-DF25-4FA4-AFF7-3B815D1F5168}.Debug|Any CPU.Build.0 = Debug|Any CPU
		{F944226A-DF25-4FA4-AFF7-3B815D1F5168}.Release|Any CPU.ActiveCfg = Release|Any CPU
		{F944226A-DF25-4FA4-AFF7-3B815D1F5168}.Release|Any CPU.Build.0 = Release|Any CPU
	EndGlobalSection
	GlobalSection(SolutionProperties) = preSolution
		HideSolutionNode = FALSE
	EndGlobalSection
	GlobalSection(ExtensibilityGlobals) = postSolution
		SolutionGuid = {4EB461F8-2E50-447F-A217-234611AE3FA2}
	EndGlobalSection
EndGlobal
